// !$*UTF8*$!
{
	archiveVersion = 1;
	classes = {
	};
	objectVersion = 56;
	objects = {

/* Begin PBXBuildFile section */
		0F028BC02B9714F9000C70F5 /* Label.swift in Sources */ = {isa = PBXBuildFile; fileRef = 0F028BBF2B9714F9000C70F5 /* Label.swift */; };
		0F028BC92B973630000C70F5 /* Colors.swift in Sources */ = {isa = PBXBuildFile; fileRef = 0F028BC82B973630000C70F5 /* Colors.swift */; };
		0F028BCD2B9739DB000C70F5 /* EmptyPlantTrackCard.swift in Sources */ = {isa = PBXBuildFile; fileRef = 0F028BCC2B9739DB000C70F5 /* EmptyPlantTrackCard.swift */; };
		0F028BCF2B9739ED000C70F5 /* EmptyPlantTrackCard.xib in Resources */ = {isa = PBXBuildFile; fileRef = 0F028BCE2B9739ED000C70F5 /* EmptyPlantTrackCard.xib */; };
		0F028BD52B974DA4000C70F5 /* HomeDisplay.swift in Sources */ = {isa = PBXBuildFile; fileRef = 0F028BD42B974DA4000C70F5 /* HomeDisplay.swift */; };
		0F028BDC2B974E0A000C70F5 /* PlantsItem.swift in Sources */ = {isa = PBXBuildFile; fileRef = 0F028BDB2B974E0A000C70F5 /* PlantsItem.swift */; };
		0F028BDF2B97656A000C70F5 /* PlantsViewController.swift in Sources */ = {isa = PBXBuildFile; fileRef = 0F028BDE2B97656A000C70F5 /* PlantsViewController.swift */; };
		0F028BE12B976576000C70F5 /* PlantsViewModel.swift in Sources */ = {isa = PBXBuildFile; fileRef = 0F028BE02B976576000C70F5 /* PlantsViewModel.swift */; };
		0F028BE32B97657F000C70F5 /* PlantsCoordinator.swift in Sources */ = {isa = PBXBuildFile; fileRef = 0F028BE22B97657F000C70F5 /* PlantsCoordinator.swift */; };
		0F028BE52B976587000C70F5 /* Plants.storyboard in Resources */ = {isa = PBXBuildFile; fileRef = 0F028BE42B976587000C70F5 /* Plants.storyboard */; };
		0F028BE92B987242000C70F5 /* UIView+Additions.swift in Sources */ = {isa = PBXBuildFile; fileRef = 0F028BE82B987242000C70F5 /* UIView+Additions.swift */; };
		0F07FBC92B84BEC500E2ED20 /* ConfigLoader.swift in Sources */ = {isa = PBXBuildFile; fileRef = 0F07FBC82B84BEC500E2ED20 /* ConfigLoader.swift */; };
		0F07FBCC2B84BF7700E2ED20 /* Bundle+Additions.swift in Sources */ = {isa = PBXBuildFile; fileRef = 0F07FBCB2B84BF7700E2ED20 /* Bundle+Additions.swift */; };
		0F07FBDC2B90B26000E2ED20 /* HTTPTask.swift in Sources */ = {isa = PBXBuildFile; fileRef = 0F07FBDB2B90B26000E2ED20 /* HTTPTask.swift */; };
		0F07FBDE2B90B48000E2ED20 /* TokenItem.swift in Sources */ = {isa = PBXBuildFile; fileRef = 0F07FBDD2B90B48000E2ED20 /* TokenItem.swift */; };
		0F0FB7C32BA05DD6006D2BBF /* APIService.swift in Sources */ = {isa = PBXBuildFile; fileRef = 0F0FB7C22BA05DD6006D2BBF /* APIService.swift */; };
		0F0FB7C62BA06192006D2BBF /* GetPlantsTask.swift in Sources */ = {isa = PBXBuildFile; fileRef = 0F0FB7C52BA06192006D2BBF /* GetPlantsTask.swift */; };
		0F4A860E2B91FC1D00EC6BD9 /* TokenService.swift in Sources */ = {isa = PBXBuildFile; fileRef = 0F4A860D2B91FC1D00EC6BD9 /* TokenService.swift */; };
		0F4A86112B92017F00EC6BD9 /* PromiseKit in Frameworks */ = {isa = PBXBuildFile; productRef = 0F4A86102B92017F00EC6BD9 /* PromiseKit */; };
		0F4A86172B92083500EC6BD9 /* UserDefaults+Additions.swift in Sources */ = {isa = PBXBuildFile; fileRef = 0F4A86162B92083500EC6BD9 /* UserDefaults+Additions.swift */; };
		0F4A861A2B92087100EC6BD9 /* UserDefaultsKeys.swift in Sources */ = {isa = PBXBuildFile; fileRef = 0F4A86192B92087100EC6BD9 /* UserDefaultsKeys.swift */; };
		0F4A861D2B95E3AA00EC6BD9 /* SplashDisplay.swift in Sources */ = {isa = PBXBuildFile; fileRef = 0F4A861C2B95E3AA00EC6BD9 /* SplashDisplay.swift */; };
		0F6AA5362BE106A000DE32EA /* Date+Additions.swift in Sources */ = {isa = PBXBuildFile; fileRef = 0F6AA5352BE106A000DE32EA /* Date+Additions.swift */; };
		0F6AA5382BE110E600DE32EA /* Plant Monitoring.docc in Sources */ = {isa = PBXBuildFile; fileRef = 0F6AA5372BE110E600DE32EA /* Plant Monitoring.docc */; };
		0F8FE1D92B99E6EB00F36B00 /* SwiftMessages in Frameworks */ = {isa = PBXBuildFile; productRef = 0F8FE1D82B99E6EB00F36B00 /* SwiftMessages */; };
		0FAC58FE2C05FA4C00197153 /* PlantMonitoring.docc in Sources */ = {isa = PBXBuildFile; fileRef = 0FAC58FD2C05FA4C00197153 /* PlantMonitoring.docc */; };
		0FC8DCBC2B99A3B20070B4F0 /* NotificationService.swift in Sources */ = {isa = PBXBuildFile; fileRef = 0FC8DCBB2B99A3B20070B4F0 /* NotificationService.swift */; };
		0FEB092B2BA09F530039396F /* APIURLSessionDelegate.swift in Sources */ = {isa = PBXBuildFile; fileRef = 0FEB092A2BA09F530039396F /* APIURLSessionDelegate.swift */; };
		3F7EDCFC2B668CBC00946FF9 /* AppDelegate.swift in Sources */ = {isa = PBXBuildFile; fileRef = 3F7EDCFB2B668CBC00946FF9 /* AppDelegate.swift */; };
		3F7EDCFE2B668CBC00946FF9 /* SceneDelegate.swift in Sources */ = {isa = PBXBuildFile; fileRef = 3F7EDCFD2B668CBC00946FF9 /* SceneDelegate.swift */; };
		3F7EDD052B668CBF00946FF9 /* Assets.xcassets in Resources */ = {isa = PBXBuildFile; fileRef = 3F7EDD042B668CBF00946FF9 /* Assets.xcassets */; };
		3F7EDD162B668FA400946FF9 /* ApplicationCoordinator.swift in Sources */ = {isa = PBXBuildFile; fileRef = 3F7EDD152B668FA400946FF9 /* ApplicationCoordinator.swift */; };
		3F7EDD182B668FAD00946FF9 /* Coordinator.swift in Sources */ = {isa = PBXBuildFile; fileRef = 3F7EDD172B668FAD00946FF9 /* Coordinator.swift */; };
		3F7EDD1A2B66901400946FF9 /* TabBarCoordinator.swift in Sources */ = {isa = PBXBuildFile; fileRef = 3F7EDD192B66901400946FF9 /* TabBarCoordinator.swift */; };
		3F7EDD1E2B66903300946FF9 /* HomeViewController.swift in Sources */ = {isa = PBXBuildFile; fileRef = 3F7EDD1D2B66903300946FF9 /* HomeViewController.swift */; };
		3F7EDD202B66903F00946FF9 /* HomeViewModel.swift in Sources */ = {isa = PBXBuildFile; fileRef = 3F7EDD1F2B66903F00946FF9 /* HomeViewModel.swift */; };
		3F7EDD222B66904900946FF9 /* HomeCoordinator.swift in Sources */ = {isa = PBXBuildFile; fileRef = 3F7EDD212B66904900946FF9 /* HomeCoordinator.swift */; };
		3F7EDD242B66905B00946FF9 /* Home.storyboard in Resources */ = {isa = PBXBuildFile; fileRef = 3F7EDD232B66905B00946FF9 /* Home.storyboard */; };
		3F7EDD2A2B66922700946FF9 /* Localizable.strings in Resources */ = {isa = PBXBuildFile; fileRef = 3F7EDD2C2B66922700946FF9 /* Localizable.strings */; };
		3F7EDD312B66927B00946FF9 /* String+Additions.swift in Sources */ = {isa = PBXBuildFile; fileRef = 3F7EDD302B66927B00946FF9 /* String+Additions.swift */; };
		3F7EDD372B6694B000946FF9 /* SplashViewController.swift in Sources */ = {isa = PBXBuildFile; fileRef = 3F7EDD362B6694B000946FF9 /* SplashViewController.swift */; };
		3F7EDD392B6694BA00946FF9 /* SplashViewModel.swift in Sources */ = {isa = PBXBuildFile; fileRef = 3F7EDD382B6694BA00946FF9 /* SplashViewModel.swift */; };
		3F7EDD3B2B6694C400946FF9 /* SplashCoordinator.swift in Sources */ = {isa = PBXBuildFile; fileRef = 3F7EDD3A2B6694C400946FF9 /* SplashCoordinator.swift */; };
		3F7EDD3D2B6694CD00946FF9 /* Splash.storyboard in Resources */ = {isa = PBXBuildFile; fileRef = 3F7EDD3C2B6694CD00946FF9 /* Splash.storyboard */; };
		3F7EDD3F2B66981E00946FF9 /* LaunchScreen.storyboard in Resources */ = {isa = PBXBuildFile; fileRef = 3F7EDD3E2B66981E00946FF9 /* LaunchScreen.storyboard */; };
		8B211CA82C98284100BDA3A9 /* DevicesItem.swift in Sources */ = {isa = PBXBuildFile; fileRef = 8B211CA72C98284100BDA3A9 /* DevicesItem.swift */; };
		8B211CAA2C98286F00BDA3A9 /* GetDevicesTask.swift in Sources */ = {isa = PBXBuildFile; fileRef = 8B211CA92C98286F00BDA3A9 /* GetDevicesTask.swift */; };
		8B211CB22C982E6A00BDA3A9 /* AvailableDevicesItem.swift in Sources */ = {isa = PBXBuildFile; fileRef = 8B211CB12C982E6A00BDA3A9 /* AvailableDevicesItem.swift */; };
		8B211CB42C982E8E00BDA3A9 /* GetAvailableDevicesTask.swift in Sources */ = {isa = PBXBuildFile; fileRef = 8B211CB32C982E8E00BDA3A9 /* GetAvailableDevicesTask.swift */; };
		8B2467722C873B89003C58A6 /* LongTextFieldView.swift in Sources */ = {isa = PBXBuildFile; fileRef = 8B2467712C873B89003C58A6 /* LongTextFieldView.swift */; };
		8B2467742C873B96003C58A6 /* LongTextFieldView.xib in Resources */ = {isa = PBXBuildFile; fileRef = 8B2467732C873B96003C58A6 /* LongTextFieldView.xib */; };
		8B2467802C885D10003C58A6 /* View.swift in Sources */ = {isa = PBXBuildFile; fileRef = 8B24677F2C885D10003C58A6 /* View.swift */; };
		8B2467832C886004003C58A6 /* UIResponder+Additions.swift in Sources */ = {isa = PBXBuildFile; fileRef = 8B2467822C886004003C58A6 /* UIResponder+Additions.swift */; };
		8B2467862C886CCE003C58A6 /* ImagePickerSheetViewController.swift in Sources */ = {isa = PBXBuildFile; fileRef = 8B2467852C886CCE003C58A6 /* ImagePickerSheetViewController.swift */; };
		8B2467892C886EA6003C58A6 /* ImagePickerSheet.storyboard in Resources */ = {isa = PBXBuildFile; fileRef = 8B2467882C886EA6003C58A6 /* ImagePickerSheet.storyboard */; };
		8B24678B2C8873F3003C58A6 /* ImagePickerSheetViewModel.swift in Sources */ = {isa = PBXBuildFile; fileRef = 8B24678A2C8873F3003C58A6 /* ImagePickerSheetViewModel.swift */; };
		8B24678D2C887403003C58A6 /* ImagePickerSheetCoordinator.swift in Sources */ = {isa = PBXBuildFile; fileRef = 8B24678C2C887403003C58A6 /* ImagePickerSheetCoordinator.swift */; };
		8B2467952C89976B003C58A6 /* InfoPlist.strings in Resources */ = {isa = PBXBuildFile; fileRef = 8B2467932C89976B003C58A6 /* InfoPlist.strings */; };
		8B2467982C899F49003C58A6 /* AddPlantDisplay.swift in Sources */ = {isa = PBXBuildFile; fileRef = 8B2467972C899F49003C58A6 /* AddPlantDisplay.swift */; };
		8B24679B2C8BA512003C58A6 /* Optional+Additions.swift in Sources */ = {isa = PBXBuildFile; fileRef = 8B24679A2C8BA512003C58A6 /* Optional+Additions.swift */; };
		8B24679E2C8BAC0E003C58A6 /* AvailableDevicesCell.swift in Sources */ = {isa = PBXBuildFile; fileRef = 8B24679D2C8BAC0E003C58A6 /* AvailableDevicesCell.swift */; };
		8B2467A02C8BAC1A003C58A6 /* AvailableDevicesCell.xib in Resources */ = {isa = PBXBuildFile; fileRef = 8B24679F2C8BAC1A003C58A6 /* AvailableDevicesCell.xib */; };
		8B2467A32C8CBD86003C58A6 /* DevicesCell.swift in Sources */ = {isa = PBXBuildFile; fileRef = 8B2467A22C8CBD86003C58A6 /* DevicesCell.swift */; };
		8B2467A52C8CBD95003C58A6 /* DevicesCell.xib in Resources */ = {isa = PBXBuildFile; fileRef = 8B2467A42C8CBD95003C58A6 /* DevicesCell.xib */; };
		8B3096F22C859EA000B3EDAA /* AddPlantViewController.swift in Sources */ = {isa = PBXBuildFile; fileRef = 8B3096F12C859EA000B3EDAA /* AddPlantViewController.swift */; };
		8B3096F42C859EAB00B3EDAA /* AddPlantViewModel.swift in Sources */ = {isa = PBXBuildFile; fileRef = 8B3096F32C859EAB00B3EDAA /* AddPlantViewModel.swift */; };
		8B3096F62C859EB500B3EDAA /* AddPlantCoordinator.swift in Sources */ = {isa = PBXBuildFile; fileRef = 8B3096F52C859EB500B3EDAA /* AddPlantCoordinator.swift */; };
		8B3096F82C859EBD00B3EDAA /* AddPlant.storyboard in Resources */ = {isa = PBXBuildFile; fileRef = 8B3096F72C859EBD00B3EDAA /* AddPlant.storyboard */; };
		8B3096FD2C85A7C200B3EDAA /* AddPlantCell.xib in Resources */ = {isa = PBXBuildFile; fileRef = 8B3096FC2C85A7C200B3EDAA /* AddPlantCell.xib */; };
		8B3096FF2C85A7D900B3EDAA /* AddPlantCell.swift in Sources */ = {isa = PBXBuildFile; fileRef = 8B3096FE2C85A7D900B3EDAA /* AddPlantCell.swift */; };
		8B3097042C85A9AD00B3EDAA /* TextFieldView.xib in Resources */ = {isa = PBXBuildFile; fileRef = 8B3097032C85A9AD00B3EDAA /* TextFieldView.xib */; };
		8B3097062C85AA0B00B3EDAA /* TextFieldView.swift in Sources */ = {isa = PBXBuildFile; fileRef = 8B3097052C85AA0B00B3EDAA /* TextFieldView.swift */; };
		8B45AB482C6CF1D700B5C6FE /* StatusBar.swift in Sources */ = {isa = PBXBuildFile; fileRef = 8B45AB3E2C6CF1D700B5C6FE /* StatusBar.swift */; };
		8B45AB492C6CF1D700B5C6FE /* StatusBar.xib in Resources */ = {isa = PBXBuildFile; fileRef = 8B45AB3F2C6CF1D700B5C6FE /* StatusBar.xib */; };
		8B45AB4B2C6CF1D700B5C6FE /* PlantDetailCoordinator.swift in Sources */ = {isa = PBXBuildFile; fileRef = 8B45AB442C6CF1D700B5C6FE /* PlantDetailCoordinator.swift */; };
		8B45AB4C2C6CF1D700B5C6FE /* PlantDetailViewController.swift in Sources */ = {isa = PBXBuildFile; fileRef = 8B45AB452C6CF1D700B5C6FE /* PlantDetailViewController.swift */; };
		8B45AB4D2C6CF1D700B5C6FE /* PlantDetailViewModel.swift in Sources */ = {isa = PBXBuildFile; fileRef = 8B45AB462C6CF1D700B5C6FE /* PlantDetailViewModel.swift */; };
		8B45AB562C6CF30E00B5C6FE /* PlantCell.swift in Sources */ = {isa = PBXBuildFile; fileRef = 8B45AB532C6CF30E00B5C6FE /* PlantCell.swift */; };
		8B7C3E622C6FBC2100B6041C /* loading-animation.json in Resources */ = {isa = PBXBuildFile; fileRef = 8B7C3E612C6FBC2100B6041C /* loading-animation.json */; };
		8B7C3E642C6FBC2E00B6041C /* splash-animation.json in Resources */ = {isa = PBXBuildFile; fileRef = 8B7C3E632C6FBC2E00B6041C /* splash-animation.json */; };
		8B801BA12C74D4DD00097577 /* UIImageView+Additions.swift in Sources */ = {isa = PBXBuildFile; fileRef = 8B801BA02C74D4DD00097577 /* UIImageView+Additions.swift */; };
		8B801BA42C77217A00097577 /* OnboardingViewController.swift in Sources */ = {isa = PBXBuildFile; fileRef = 8B801BA32C77217A00097577 /* OnboardingViewController.swift */; };
		8B801BA62C77218200097577 /* OnboardingViewModel.swift in Sources */ = {isa = PBXBuildFile; fileRef = 8B801BA52C77218200097577 /* OnboardingViewModel.swift */; };
		8B801BA82C77218E00097577 /* OnboardingCoordinator.swift in Sources */ = {isa = PBXBuildFile; fileRef = 8B801BA72C77218E00097577 /* OnboardingCoordinator.swift */; };
		8B801BAA2C77219900097577 /* Onboarding.storyboard in Resources */ = {isa = PBXBuildFile; fileRef = 8B801BA92C77219900097577 /* Onboarding.storyboard */; };
		8B801BAF2C7729DA00097577 /* Button.swift in Sources */ = {isa = PBXBuildFile; fileRef = 8B801BAE2C7729DA00097577 /* Button.swift */; };
		8B801BB42C77497D00097577 /* GetOnboardingItems.json in Resources */ = {isa = PBXBuildFile; fileRef = 8B801BB32C77497D00097577 /* GetOnboardingItems.json */; };
		8B801BB62C774A1300097577 /* OnboardingItem.swift in Sources */ = {isa = PBXBuildFile; fileRef = 8B801BB52C774A1300097577 /* OnboardingItem.swift */; };
		8B801BB82C774AF800097577 /* OnboardingDisplay.swift in Sources */ = {isa = PBXBuildFile; fileRef = 8B801BB72C774AF800097577 /* OnboardingDisplay.swift */; };
		8B801BBB2C77BFE800097577 /* Int+Additions.swift in Sources */ = {isa = PBXBuildFile; fileRef = 8B801BBA2C77BFE800097577 /* Int+Additions.swift */; };
		8B801BBF2C77C11900097577 /* OnboardingCell.swift in Sources */ = {isa = PBXBuildFile; fileRef = 8B801BBE2C77C11900097577 /* OnboardingCell.swift */; };
		8B801BC12C77C12400097577 /* OnboardingCell.xib in Resources */ = {isa = PBXBuildFile; fileRef = 8B801BC02C77C12400097577 /* OnboardingCell.xib */; };
		8B84A8E32C6DE56000592EB6 /* PlantCell.xib in Resources */ = {isa = PBXBuildFile; fileRef = 8B84A8E22C6DE56000592EB6 /* PlantCell.xib */; };
		8B84A8E52C6E1A7200592EB6 /* PlantDetail.storyboard in Resources */ = {isa = PBXBuildFile; fileRef = 8B45AB432C6CF1D700B5C6FE /* PlantDetail.storyboard */; };
		8B84A8EA2C6F907200592EB6 /* UIViewController+Additions.swift in Sources */ = {isa = PBXBuildFile; fileRef = 8B84A8E92C6F907200592EB6 /* UIViewController+Additions.swift */; };
		8BE09EB22C6FBB9A005C9846 /* Lottie in Frameworks */ = {isa = PBXBuildFile; productRef = 8BE09EB12C6FBB9A005C9846 /* Lottie */; };
/* End PBXBuildFile section */

/* Begin PBXCopyFilesBuildPhase section */
		0F819A1A2B99DC8E008BCEDF /* Embed Frameworks */ = {
			isa = PBXCopyFilesBuildPhase;
			buildActionMask = 2147483647;
			dstPath = "";
			dstSubfolderSpec = 10;
			files = (
			);
			name = "Embed Frameworks";
			runOnlyForDeploymentPostprocessing = 0;
		};
/* End PBXCopyFilesBuildPhase section */

/* Begin PBXFileReference section */
		0F028BBF2B9714F9000C70F5 /* Label.swift */ = {isa = PBXFileReference; lastKnownFileType = sourcecode.swift; path = Label.swift; sourceTree = "<group>"; };
		0F028BC82B973630000C70F5 /* Colors.swift */ = {isa = PBXFileReference; lastKnownFileType = sourcecode.swift; path = Colors.swift; sourceTree = "<group>"; };
		0F028BCC2B9739DB000C70F5 /* EmptyPlantTrackCard.swift */ = {isa = PBXFileReference; lastKnownFileType = sourcecode.swift; path = EmptyPlantTrackCard.swift; sourceTree = "<group>"; };
		0F028BCE2B9739ED000C70F5 /* EmptyPlantTrackCard.xib */ = {isa = PBXFileReference; lastKnownFileType = file.xib; path = EmptyPlantTrackCard.xib; sourceTree = "<group>"; };
		0F028BD42B974DA4000C70F5 /* HomeDisplay.swift */ = {isa = PBXFileReference; lastKnownFileType = sourcecode.swift; path = HomeDisplay.swift; sourceTree = "<group>"; };
		0F028BDB2B974E0A000C70F5 /* PlantsItem.swift */ = {isa = PBXFileReference; lastKnownFileType = sourcecode.swift; path = PlantsItem.swift; sourceTree = "<group>"; };
		0F028BDE2B97656A000C70F5 /* PlantsViewController.swift */ = {isa = PBXFileReference; lastKnownFileType = sourcecode.swift; path = PlantsViewController.swift; sourceTree = "<group>"; };
		0F028BE02B976576000C70F5 /* PlantsViewModel.swift */ = {isa = PBXFileReference; lastKnownFileType = sourcecode.swift; path = PlantsViewModel.swift; sourceTree = "<group>"; };
		0F028BE22B97657F000C70F5 /* PlantsCoordinator.swift */ = {isa = PBXFileReference; lastKnownFileType = sourcecode.swift; path = PlantsCoordinator.swift; sourceTree = "<group>"; };
		0F028BE42B976587000C70F5 /* Plants.storyboard */ = {isa = PBXFileReference; lastKnownFileType = file.storyboard; path = Plants.storyboard; sourceTree = "<group>"; };
		0F028BE82B987242000C70F5 /* UIView+Additions.swift */ = {isa = PBXFileReference; lastKnownFileType = sourcecode.swift; path = "UIView+Additions.swift"; sourceTree = "<group>"; };
		0F07FBC82B84BEC500E2ED20 /* ConfigLoader.swift */ = {isa = PBXFileReference; lastKnownFileType = sourcecode.swift; path = ConfigLoader.swift; sourceTree = "<group>"; };
		0F07FBCB2B84BF7700E2ED20 /* Bundle+Additions.swift */ = {isa = PBXFileReference; lastKnownFileType = sourcecode.swift; path = "Bundle+Additions.swift"; sourceTree = "<group>"; };
		0F07FBDB2B90B26000E2ED20 /* HTTPTask.swift */ = {isa = PBXFileReference; lastKnownFileType = sourcecode.swift; path = HTTPTask.swift; sourceTree = "<group>"; };
		0F07FBDD2B90B48000E2ED20 /* TokenItem.swift */ = {isa = PBXFileReference; lastKnownFileType = sourcecode.swift; path = TokenItem.swift; sourceTree = "<group>"; };
		0F0FB7C22BA05DD6006D2BBF /* APIService.swift */ = {isa = PBXFileReference; lastKnownFileType = sourcecode.swift; path = APIService.swift; sourceTree = "<group>"; };
		0F0FB7C52BA06192006D2BBF /* GetPlantsTask.swift */ = {isa = PBXFileReference; lastKnownFileType = sourcecode.swift; path = GetPlantsTask.swift; sourceTree = "<group>"; };
		0F4A860D2B91FC1D00EC6BD9 /* TokenService.swift */ = {isa = PBXFileReference; lastKnownFileType = sourcecode.swift; path = TokenService.swift; sourceTree = "<group>"; };
		0F4A86162B92083500EC6BD9 /* UserDefaults+Additions.swift */ = {isa = PBXFileReference; lastKnownFileType = sourcecode.swift; path = "UserDefaults+Additions.swift"; sourceTree = "<group>"; };
		0F4A86192B92087100EC6BD9 /* UserDefaultsKeys.swift */ = {isa = PBXFileReference; lastKnownFileType = sourcecode.swift; path = UserDefaultsKeys.swift; sourceTree = "<group>"; };
		0F4A861C2B95E3AA00EC6BD9 /* SplashDisplay.swift */ = {isa = PBXFileReference; lastKnownFileType = sourcecode.swift; path = SplashDisplay.swift; sourceTree = "<group>"; };
		0F6AA5352BE106A000DE32EA /* Date+Additions.swift */ = {isa = PBXFileReference; lastKnownFileType = sourcecode.swift; path = "Date+Additions.swift"; sourceTree = "<group>"; };
		0F6AA5372BE110E600DE32EA /* Plant Monitoring.docc */ = {isa = PBXFileReference; lastKnownFileType = folder.documentationcatalog; path = "Plant Monitoring.docc"; sourceTree = "<group>"; };
		0FAC58FD2C05FA4C00197153 /* PlantMonitoring.docc */ = {isa = PBXFileReference; lastKnownFileType = folder.documentationcatalog; path = PlantMonitoring.docc; sourceTree = "<group>"; };
		0FC8DCBB2B99A3B20070B4F0 /* NotificationService.swift */ = {isa = PBXFileReference; lastKnownFileType = sourcecode.swift; path = NotificationService.swift; sourceTree = "<group>"; };
		0FEB092A2BA09F530039396F /* APIURLSessionDelegate.swift */ = {isa = PBXFileReference; lastKnownFileType = sourcecode.swift; path = APIURLSessionDelegate.swift; sourceTree = "<group>"; };
		3F7EDCF82B668CBC00946FF9 /* Plant Monitoring.app */ = {isa = PBXFileReference; explicitFileType = wrapper.application; includeInIndex = 0; path = "Plant Monitoring.app"; sourceTree = BUILT_PRODUCTS_DIR; };
		3F7EDCFB2B668CBC00946FF9 /* AppDelegate.swift */ = {isa = PBXFileReference; lastKnownFileType = sourcecode.swift; path = AppDelegate.swift; sourceTree = "<group>"; };
		3F7EDCFD2B668CBC00946FF9 /* SceneDelegate.swift */ = {isa = PBXFileReference; lastKnownFileType = sourcecode.swift; path = SceneDelegate.swift; sourceTree = "<group>"; };
		3F7EDD042B668CBF00946FF9 /* Assets.xcassets */ = {isa = PBXFileReference; lastKnownFileType = folder.assetcatalog; path = Assets.xcassets; sourceTree = "<group>"; };
		3F7EDD092B668CBF00946FF9 /* Info.plist */ = {isa = PBXFileReference; lastKnownFileType = text.plist.xml; path = Info.plist; sourceTree = "<group>"; };
		3F7EDD152B668FA400946FF9 /* ApplicationCoordinator.swift */ = {isa = PBXFileReference; lastKnownFileType = sourcecode.swift; path = ApplicationCoordinator.swift; sourceTree = "<group>"; };
		3F7EDD172B668FAD00946FF9 /* Coordinator.swift */ = {isa = PBXFileReference; lastKnownFileType = sourcecode.swift; path = Coordinator.swift; sourceTree = "<group>"; };
		3F7EDD192B66901400946FF9 /* TabBarCoordinator.swift */ = {isa = PBXFileReference; lastKnownFileType = sourcecode.swift; path = TabBarCoordinator.swift; sourceTree = "<group>"; };
		3F7EDD1D2B66903300946FF9 /* HomeViewController.swift */ = {isa = PBXFileReference; lastKnownFileType = sourcecode.swift; path = HomeViewController.swift; sourceTree = "<group>"; };
		3F7EDD1F2B66903F00946FF9 /* HomeViewModel.swift */ = {isa = PBXFileReference; lastKnownFileType = sourcecode.swift; path = HomeViewModel.swift; sourceTree = "<group>"; };
		3F7EDD212B66904900946FF9 /* HomeCoordinator.swift */ = {isa = PBXFileReference; lastKnownFileType = sourcecode.swift; path = HomeCoordinator.swift; sourceTree = "<group>"; };
		3F7EDD232B66905B00946FF9 /* Home.storyboard */ = {isa = PBXFileReference; lastKnownFileType = file.storyboard; path = Home.storyboard; sourceTree = "<group>"; };
		3F7EDD2B2B66922700946FF9 /* en */ = {isa = PBXFileReference; lastKnownFileType = text.plist.strings; name = en; path = en.lproj/Localizable.strings; sourceTree = "<group>"; };
		3F7EDD2D2B66922900946FF9 /* tr */ = {isa = PBXFileReference; lastKnownFileType = text.plist.strings; name = tr; path = tr.lproj/Localizable.strings; sourceTree = "<group>"; };
		3F7EDD302B66927B00946FF9 /* String+Additions.swift */ = {isa = PBXFileReference; lastKnownFileType = sourcecode.swift; path = "String+Additions.swift"; sourceTree = "<group>"; };
		3F7EDD362B6694B000946FF9 /* SplashViewController.swift */ = {isa = PBXFileReference; lastKnownFileType = sourcecode.swift; path = SplashViewController.swift; sourceTree = "<group>"; };
		3F7EDD382B6694BA00946FF9 /* SplashViewModel.swift */ = {isa = PBXFileReference; lastKnownFileType = sourcecode.swift; path = SplashViewModel.swift; sourceTree = "<group>"; };
		3F7EDD3A2B6694C400946FF9 /* SplashCoordinator.swift */ = {isa = PBXFileReference; lastKnownFileType = sourcecode.swift; path = SplashCoordinator.swift; sourceTree = "<group>"; };
		3F7EDD3C2B6694CD00946FF9 /* Splash.storyboard */ = {isa = PBXFileReference; lastKnownFileType = file.storyboard; path = Splash.storyboard; sourceTree = "<group>"; };
		3F7EDD3E2B66981E00946FF9 /* LaunchScreen.storyboard */ = {isa = PBXFileReference; lastKnownFileType = file.storyboard; path = LaunchScreen.storyboard; sourceTree = "<group>"; };
		8B211CA72C98284100BDA3A9 /* DevicesItem.swift */ = {isa = PBXFileReference; lastKnownFileType = sourcecode.swift; path = DevicesItem.swift; sourceTree = "<group>"; };
		8B211CA92C98286F00BDA3A9 /* GetDevicesTask.swift */ = {isa = PBXFileReference; lastKnownFileType = sourcecode.swift; path = GetDevicesTask.swift; sourceTree = "<group>"; };
		8B211CB12C982E6A00BDA3A9 /* AvailableDevicesItem.swift */ = {isa = PBXFileReference; lastKnownFileType = sourcecode.swift; path = AvailableDevicesItem.swift; sourceTree = "<group>"; };
		8B211CB32C982E8E00BDA3A9 /* GetAvailableDevicesTask.swift */ = {isa = PBXFileReference; lastKnownFileType = sourcecode.swift; path = GetAvailableDevicesTask.swift; sourceTree = "<group>"; };
		8B2467712C873B89003C58A6 /* LongTextFieldView.swift */ = {isa = PBXFileReference; lastKnownFileType = sourcecode.swift; path = LongTextFieldView.swift; sourceTree = "<group>"; };
		8B2467732C873B96003C58A6 /* LongTextFieldView.xib */ = {isa = PBXFileReference; lastKnownFileType = file.xib; path = LongTextFieldView.xib; sourceTree = "<group>"; };
		8B24677F2C885D10003C58A6 /* View.swift */ = {isa = PBXFileReference; lastKnownFileType = sourcecode.swift; path = View.swift; sourceTree = "<group>"; };
		8B2467822C886004003C58A6 /* UIResponder+Additions.swift */ = {isa = PBXFileReference; lastKnownFileType = sourcecode.swift; path = "UIResponder+Additions.swift"; sourceTree = "<group>"; };
		8B2467852C886CCE003C58A6 /* ImagePickerSheetViewController.swift */ = {isa = PBXFileReference; lastKnownFileType = sourcecode.swift; path = ImagePickerSheetViewController.swift; sourceTree = "<group>"; };
		8B2467882C886EA6003C58A6 /* ImagePickerSheet.storyboard */ = {isa = PBXFileReference; lastKnownFileType = file.storyboard; path = ImagePickerSheet.storyboard; sourceTree = "<group>"; };
		8B24678A2C8873F3003C58A6 /* ImagePickerSheetViewModel.swift */ = {isa = PBXFileReference; lastKnownFileType = sourcecode.swift; path = ImagePickerSheetViewModel.swift; sourceTree = "<group>"; };
		8B24678C2C887403003C58A6 /* ImagePickerSheetCoordinator.swift */ = {isa = PBXFileReference; lastKnownFileType = sourcecode.swift; path = ImagePickerSheetCoordinator.swift; sourceTree = "<group>"; };
		8B2467942C89976B003C58A6 /* en */ = {isa = PBXFileReference; lastKnownFileType = text.plist.strings; name = en; path = en.lproj/InfoPlist.strings; sourceTree = "<group>"; };
		8B2467962C899783003C58A6 /* tr */ = {isa = PBXFileReference; lastKnownFileType = text.plist.strings; name = tr; path = tr.lproj/InfoPlist.strings; sourceTree = "<group>"; };
		8B2467972C899F49003C58A6 /* AddPlantDisplay.swift */ = {isa = PBXFileReference; lastKnownFileType = sourcecode.swift; path = AddPlantDisplay.swift; sourceTree = "<group>"; };
		8B24679A2C8BA512003C58A6 /* Optional+Additions.swift */ = {isa = PBXFileReference; lastKnownFileType = sourcecode.swift; path = "Optional+Additions.swift"; sourceTree = "<group>"; };
		8B24679D2C8BAC0E003C58A6 /* AvailableDevicesCell.swift */ = {isa = PBXFileReference; lastKnownFileType = sourcecode.swift; path = AvailableDevicesCell.swift; sourceTree = "<group>"; };
		8B24679F2C8BAC1A003C58A6 /* AvailableDevicesCell.xib */ = {isa = PBXFileReference; lastKnownFileType = file.xib; path = AvailableDevicesCell.xib; sourceTree = "<group>"; };
		8B2467A22C8CBD86003C58A6 /* DevicesCell.swift */ = {isa = PBXFileReference; lastKnownFileType = sourcecode.swift; path = DevicesCell.swift; sourceTree = "<group>"; };
		8B2467A42C8CBD95003C58A6 /* DevicesCell.xib */ = {isa = PBXFileReference; lastKnownFileType = file.xib; path = DevicesCell.xib; sourceTree = "<group>"; };
		8B3096F12C859EA000B3EDAA /* AddPlantViewController.swift */ = {isa = PBXFileReference; lastKnownFileType = sourcecode.swift; path = AddPlantViewController.swift; sourceTree = "<group>"; };
		8B3096F32C859EAB00B3EDAA /* AddPlantViewModel.swift */ = {isa = PBXFileReference; lastKnownFileType = sourcecode.swift; path = AddPlantViewModel.swift; sourceTree = "<group>"; };
		8B3096F52C859EB500B3EDAA /* AddPlantCoordinator.swift */ = {isa = PBXFileReference; lastKnownFileType = sourcecode.swift; path = AddPlantCoordinator.swift; sourceTree = "<group>"; };
		8B3096F72C859EBD00B3EDAA /* AddPlant.storyboard */ = {isa = PBXFileReference; lastKnownFileType = file.storyboard; path = AddPlant.storyboard; sourceTree = "<group>"; };
		8B3096FC2C85A7C200B3EDAA /* AddPlantCell.xib */ = {isa = PBXFileReference; lastKnownFileType = file.xib; path = AddPlantCell.xib; sourceTree = "<group>"; };
		8B3096FE2C85A7D900B3EDAA /* AddPlantCell.swift */ = {isa = PBXFileReference; lastKnownFileType = sourcecode.swift; path = AddPlantCell.swift; sourceTree = "<group>"; };
		8B3097032C85A9AD00B3EDAA /* TextFieldView.xib */ = {isa = PBXFileReference; lastKnownFileType = file.xib; path = TextFieldView.xib; sourceTree = "<group>"; };
		8B3097052C85AA0B00B3EDAA /* TextFieldView.swift */ = {isa = PBXFileReference; lastKnownFileType = sourcecode.swift; path = TextFieldView.swift; sourceTree = "<group>"; };
		8B45AB3E2C6CF1D700B5C6FE /* StatusBar.swift */ = {isa = PBXFileReference; fileEncoding = 4; lastKnownFileType = sourcecode.swift; path = StatusBar.swift; sourceTree = "<group>"; };
		8B45AB3F2C6CF1D700B5C6FE /* StatusBar.xib */ = {isa = PBXFileReference; fileEncoding = 4; lastKnownFileType = file.xib; path = StatusBar.xib; sourceTree = "<group>"; };
		8B45AB432C6CF1D700B5C6FE /* PlantDetail.storyboard */ = {isa = PBXFileReference; fileEncoding = 4; lastKnownFileType = file.storyboard; path = PlantDetail.storyboard; sourceTree = "<group>"; };
		8B45AB442C6CF1D700B5C6FE /* PlantDetailCoordinator.swift */ = {isa = PBXFileReference; fileEncoding = 4; lastKnownFileType = sourcecode.swift; path = PlantDetailCoordinator.swift; sourceTree = "<group>"; };
		8B45AB452C6CF1D700B5C6FE /* PlantDetailViewController.swift */ = {isa = PBXFileReference; fileEncoding = 4; lastKnownFileType = sourcecode.swift; path = PlantDetailViewController.swift; sourceTree = "<group>"; };
		8B45AB462C6CF1D700B5C6FE /* PlantDetailViewModel.swift */ = {isa = PBXFileReference; fileEncoding = 4; lastKnownFileType = sourcecode.swift; path = PlantDetailViewModel.swift; sourceTree = "<group>"; };
		8B45AB4E2C6CF20E00B5C6FE /* Secrets.xcconfig */ = {isa = PBXFileReference; fileEncoding = 4; lastKnownFileType = text.xcconfig; path = Secrets.xcconfig; sourceTree = "<group>"; };
		8B45AB532C6CF30E00B5C6FE /* PlantCell.swift */ = {isa = PBXFileReference; fileEncoding = 4; lastKnownFileType = sourcecode.swift; path = PlantCell.swift; sourceTree = "<group>"; };
		8B7C3E612C6FBC2100B6041C /* loading-animation.json */ = {isa = PBXFileReference; fileEncoding = 4; lastKnownFileType = text.json; path = "loading-animation.json"; sourceTree = "<group>"; };
		8B7C3E632C6FBC2E00B6041C /* splash-animation.json */ = {isa = PBXFileReference; fileEncoding = 4; lastKnownFileType = text.json; path = "splash-animation.json"; sourceTree = "<group>"; };
		8B801BA02C74D4DD00097577 /* UIImageView+Additions.swift */ = {isa = PBXFileReference; lastKnownFileType = sourcecode.swift; path = "UIImageView+Additions.swift"; sourceTree = "<group>"; };
		8B801BA32C77217A00097577 /* OnboardingViewController.swift */ = {isa = PBXFileReference; lastKnownFileType = sourcecode.swift; path = OnboardingViewController.swift; sourceTree = "<group>"; };
		8B801BA52C77218200097577 /* OnboardingViewModel.swift */ = {isa = PBXFileReference; lastKnownFileType = sourcecode.swift; path = OnboardingViewModel.swift; sourceTree = "<group>"; };
		8B801BA72C77218E00097577 /* OnboardingCoordinator.swift */ = {isa = PBXFileReference; lastKnownFileType = sourcecode.swift; path = OnboardingCoordinator.swift; sourceTree = "<group>"; };
		8B801BA92C77219900097577 /* Onboarding.storyboard */ = {isa = PBXFileReference; lastKnownFileType = file.storyboard; path = Onboarding.storyboard; sourceTree = "<group>"; };
		8B801BAE2C7729DA00097577 /* Button.swift */ = {isa = PBXFileReference; lastKnownFileType = sourcecode.swift; path = Button.swift; sourceTree = "<group>"; };
		8B801BB32C77497D00097577 /* GetOnboardingItems.json */ = {isa = PBXFileReference; lastKnownFileType = text.json; path = GetOnboardingItems.json; sourceTree = "<group>"; };
		8B801BB52C774A1300097577 /* OnboardingItem.swift */ = {isa = PBXFileReference; lastKnownFileType = sourcecode.swift; path = OnboardingItem.swift; sourceTree = "<group>"; };
		8B801BB72C774AF800097577 /* OnboardingDisplay.swift */ = {isa = PBXFileReference; lastKnownFileType = sourcecode.swift; path = OnboardingDisplay.swift; sourceTree = "<group>"; };
		8B801BBA2C77BFE800097577 /* Int+Additions.swift */ = {isa = PBXFileReference; lastKnownFileType = sourcecode.swift; path = "Int+Additions.swift"; sourceTree = "<group>"; };
		8B801BBE2C77C11900097577 /* OnboardingCell.swift */ = {isa = PBXFileReference; lastKnownFileType = sourcecode.swift; path = OnboardingCell.swift; sourceTree = "<group>"; };
		8B801BC02C77C12400097577 /* OnboardingCell.xib */ = {isa = PBXFileReference; lastKnownFileType = file.xib; path = OnboardingCell.xib; sourceTree = "<group>"; };
		8B84A8E22C6DE56000592EB6 /* PlantCell.xib */ = {isa = PBXFileReference; fileEncoding = 4; lastKnownFileType = file.xib; path = PlantCell.xib; sourceTree = "<group>"; };
		8B84A8E92C6F907200592EB6 /* UIViewController+Additions.swift */ = {isa = PBXFileReference; lastKnownFileType = sourcecode.swift; path = "UIViewController+Additions.swift"; sourceTree = "<group>"; };
/* End PBXFileReference section */

/* Begin PBXFrameworksBuildPhase section */
		3F7EDCF52B668CBC00946FF9 /* Frameworks */ = {
			isa = PBXFrameworksBuildPhase;
			buildActionMask = 2147483647;
			files = (
				0F8FE1D92B99E6EB00F36B00 /* SwiftMessages in Frameworks */,
				0F4A86112B92017F00EC6BD9 /* PromiseKit in Frameworks */,
				8BE09EB22C6FBB9A005C9846 /* Lottie in Frameworks */,
			);
			runOnlyForDeploymentPostprocessing = 0;
		};
/* End PBXFrameworksBuildPhase section */

/* Begin PBXGroup section */
		0F028BBD2B9714DD000C70F5 /* UI */ = {
			isa = PBXGroup;
			children = (
				8B24677D2C885CF8003C58A6 /* View */,
				8B2467702C873B49003C58A6 /* LongTextFieldView */,
				8B3097002C85A95600B3EDAA /* TextFieldView */,
				8B801BAD2C7729D100097577 /* Button */,
				0F028BBE2B9714EF000C70F5 /* Label */,
			);
			path = UI;
			sourceTree = "<group>";
		};
		0F028BBE2B9714EF000C70F5 /* Label */ = {
			isa = PBXGroup;
			children = (
				0F028BBF2B9714F9000C70F5 /* Label.swift */,
			);
			path = Label;
			sourceTree = "<group>";
		};
		0F028BC12B9732BE000C70F5 /* UI */ = {
			isa = PBXGroup;
			children = (
				0F028BC22B9732ED000C70F5 /* Cells */,
				0F028BD42B974DA4000C70F5 /* HomeDisplay.swift */,
			);
			path = UI;
			sourceTree = "<group>";
		};
		0F028BC22B9732ED000C70F5 /* Cells */ = {
			isa = PBXGroup;
			children = (
				0F028BCA2B9738E5000C70F5 /* EmptyPlantTrackCard */,
			);
			path = Cells;
			sourceTree = "<group>";
		};
		0F028BC72B973516000C70F5 /* Colors */ = {
			isa = PBXGroup;
			children = (
				0F028BC82B973630000C70F5 /* Colors.swift */,
			);
			path = Colors;
			sourceTree = "<group>";
		};
		0F028BCA2B9738E5000C70F5 /* EmptyPlantTrackCard */ = {
			isa = PBXGroup;
			children = (
				0F028BCC2B9739DB000C70F5 /* EmptyPlantTrackCard.swift */,
				0F028BCE2B9739ED000C70F5 /* EmptyPlantTrackCard.xib */,
			);
			path = EmptyPlantTrackCard;
			sourceTree = "<group>";
		};
		0F028BD92B974DF2000C70F5 /* API */ = {
			isa = PBXGroup;
			children = (
				0F0FB7C42BA06183006D2BBF /* Task */,
				0F028BDA2B974DF6000C70F5 /* Model */,
			);
			path = API;
			sourceTree = "<group>";
		};
		0F028BDA2B974DF6000C70F5 /* Model */ = {
			isa = PBXGroup;
			children = (
				0F028BDB2B974E0A000C70F5 /* PlantsItem.swift */,
			);
			path = Model;
			sourceTree = "<group>";
		};
		0F028BDD2B976550000C70F5 /* Plants */ = {
			isa = PBXGroup;
			children = (
				8B45AB552C6CF30E00B5C6FE /* UI */,
				0F028BD92B974DF2000C70F5 /* API */,
				0F028BDE2B97656A000C70F5 /* PlantsViewController.swift */,
				0F028BE02B976576000C70F5 /* PlantsViewModel.swift */,
				0F028BE22B97657F000C70F5 /* PlantsCoordinator.swift */,
				0F028BE42B976587000C70F5 /* Plants.storyboard */,
			);
			path = Plants;
			sourceTree = "<group>";
		};
		0F028BE62B987222000C70F5 /* UIKit */ = {
			isa = PBXGroup;
			children = (
				8B801B9F2C74D4CB00097577 /* UIImageView */,
				8B2467812C885FED003C58A6 /* UIResponder */,
				0F028BE72B987227000C70F5 /* UIView */,
				8B84A8E82C6F905C00592EB6 /* UIViewController */,
			);
			path = UIKit;
			sourceTree = "<group>";
		};
		0F028BE72B987227000C70F5 /* UIView */ = {
			isa = PBXGroup;
			children = (
				0F028BE82B987242000C70F5 /* UIView+Additions.swift */,
			);
			path = UIView;
			sourceTree = "<group>";
		};
		0F07FBC72B84BEB300E2ED20 /* ConfigLoader */ = {
			isa = PBXGroup;
			children = (
				0F07FBC82B84BEC500E2ED20 /* ConfigLoader.swift */,
			);
			path = ConfigLoader;
			sourceTree = "<group>";
		};
		0F07FBCA2B84BF6900E2ED20 /* Bundle */ = {
			isa = PBXGroup;
			children = (
				0F07FBCB2B84BF7700E2ED20 /* Bundle+Additions.swift */,
			);
			path = Bundle;
			sourceTree = "<group>";
		};
		0F07FBCD2B84C3DF00E2ED20 /* SecureSecrets */ = {
			isa = PBXGroup;
			children = (
				8B45AB4E2C6CF20E00B5C6FE /* Secrets.xcconfig */,
			);
			path = SecureSecrets;
			sourceTree = "<group>";
		};
		0F07FBCF2B84D22B00E2ED20 /* TokenService */ = {
			isa = PBXGroup;
			children = (
				0F4A860D2B91FC1D00EC6BD9 /* TokenService.swift */,
			);
			path = TokenService;
			sourceTree = "<group>";
		};
		0F07FBD62B90B1B200E2ED20 /* API */ = {
			isa = PBXGroup;
			children = (
				0F07FBD72B90B1BB00E2ED20 /* Model */,
			);
			path = API;
			sourceTree = "<group>";
		};
		0F07FBD72B90B1BB00E2ED20 /* Model */ = {
			isa = PBXGroup;
			children = (
				0F07FBDD2B90B48000E2ED20 /* TokenItem.swift */,
			);
			path = Model;
			sourceTree = "<group>";
		};
		0F07FBDA2B90B22C00E2ED20 /* HTTPTask */ = {
			isa = PBXGroup;
			children = (
				0F07FBDB2B90B26000E2ED20 /* HTTPTask.swift */,
			);
			path = HTTPTask;
			sourceTree = "<group>";
		};
		0F0FB7C12BA05DC0006D2BBF /* APIService */ = {
			isa = PBXGroup;
			children = (
				0F0FB7C22BA05DD6006D2BBF /* APIService.swift */,
				0FEB092A2BA09F530039396F /* APIURLSessionDelegate.swift */,
			);
			path = APIService;
			sourceTree = "<group>";
		};
		0F0FB7C42BA06183006D2BBF /* Task */ = {
			isa = PBXGroup;
			children = (
				0F0FB7C52BA06192006D2BBF /* GetPlantsTask.swift */,
			);
			path = Task;
			sourceTree = "<group>";
		};
		0F4A86152B92081900EC6BD9 /* UserDefaults */ = {
			isa = PBXGroup;
			children = (
				0F4A86162B92083500EC6BD9 /* UserDefaults+Additions.swift */,
			);
			path = UserDefaults;
			sourceTree = "<group>";
		};
		0F4A86182B92085E00EC6BD9 /* UserDefaultsKeys */ = {
			isa = PBXGroup;
			children = (
				0F4A86192B92087100EC6BD9 /* UserDefaultsKeys.swift */,
			);
			path = UserDefaultsKeys;
			sourceTree = "<group>";
		};
		0F4A861B2B95E38E00EC6BD9 /* UI */ = {
			isa = PBXGroup;
			children = (
				0F4A861C2B95E3AA00EC6BD9 /* SplashDisplay.swift */,
			);
			path = UI;
			sourceTree = "<group>";
		};
		0F6AA5342BE1069300DE32EA /* Date */ = {
			isa = PBXGroup;
			children = (
				0F6AA5352BE106A000DE32EA /* Date+Additions.swift */,
			);
			path = Date;
			sourceTree = "<group>";
		};
		0F819A152B99DC8E008BCEDF /* Frameworks */ = {
			isa = PBXGroup;
			children = (
			);
			name = Frameworks;
			sourceTree = "<group>";
		};
		0FC8DCB72B99A0C90070B4F0 /* NotificationService */ = {
			isa = PBXGroup;
			children = (
				0FC8DCBB2B99A3B20070B4F0 /* NotificationService.swift */,
			);
			path = NotificationService;
			sourceTree = "<group>";
		};
		3F7EDCEF2B668CBC00946FF9 = {
			isa = PBXGroup;
			children = (
				3F7EDCFA2B668CBC00946FF9 /* Plant Monitoring */,
				3F7EDCF92B668CBC00946FF9 /* Products */,
				0F819A152B99DC8E008BCEDF /* Frameworks */,
			);
			sourceTree = "<group>";
		};
		3F7EDCF92B668CBC00946FF9 /* Products */ = {
			isa = PBXGroup;
			children = (
				3F7EDCF82B668CBC00946FF9 /* Plant Monitoring.app */,
			);
			name = Products;
			sourceTree = "<group>";
		};
		3F7EDCFA2B668CBC00946FF9 /* Plant Monitoring */ = {
			isa = PBXGroup;
			children = (
				3F7EDCFB2B668CBC00946FF9 /* AppDelegate.swift */,
				3F7EDCFD2B668CBC00946FF9 /* SceneDelegate.swift */,
				3F7EDD092B668CBF00946FF9 /* Info.plist */,
				3F7EDD0F2B668F1900946FF9 /* Common */,
				3F7EDD102B668F2000946FF9 /* Extensions */,
				3F7EDD112B668F2A00946FF9 /* Networking */,
				3F7EDD122B668F3300946FF9 /* Resources */,
				3F7EDD132B668F3C00946FF9 /* Scenes */,
				3F7EDD142B668F4200946FF9 /* Services */,
				0F6AA5372BE110E600DE32EA /* Plant Monitoring.docc */,
			);
			path = "Plant Monitoring";
			sourceTree = "<group>";
		};
		3F7EDD0F2B668F1900946FF9 /* Common */ = {
			isa = PBXGroup;
			children = (
				0F028BC72B973516000C70F5 /* Colors */,
				0F028BBD2B9714DD000C70F5 /* UI */,
				0F4A86182B92085E00EC6BD9 /* UserDefaultsKeys */,
				3F7EDD272B66920500946FF9 /* Localization */,
			);
			path = Common;
			sourceTree = "<group>";
		};
		3F7EDD102B668F2000946FF9 /* Extensions */ = {
			isa = PBXGroup;
			children = (
				0F028BE62B987222000C70F5 /* UIKit */,
				3F7EDD2E2B66926300946FF9 /* Foundation */,
			);
			path = Extensions;
			sourceTree = "<group>";
		};
		3F7EDD112B668F2A00946FF9 /* Networking */ = {
			isa = PBXGroup;
			children = (
				0F0FB7C12BA05DC0006D2BBF /* APIService */,
				0F07FBDA2B90B22C00E2ED20 /* HTTPTask */,
				0F07FBCD2B84C3DF00E2ED20 /* SecureSecrets */,
			);
			path = Networking;
			sourceTree = "<group>";
		};
		3F7EDD122B668F3300946FF9 /* Resources */ = {
			isa = PBXGroup;
			children = (
				8BE09EB42C6FBBD8005C9846 /* Lotties */,
				3F7EDD042B668CBF00946FF9 /* Assets.xcassets */,
				3F7EDD3E2B66981E00946FF9 /* LaunchScreen.storyboard */,
				0FAC58FD2C05FA4C00197153 /* PlantMonitoring.docc */,
			);
			path = Resources;
			sourceTree = "<group>";
		};
		3F7EDD132B668F3C00946FF9 /* Scenes */ = {
			isa = PBXGroup;
			children = (
				8B211CAD2C982E2100BDA3A9 /* AddDevices */,
				8B3096F02C859E7000B3EDAA /* AddPlant */,
				3F7EDD1B2B66901700946FF9 /* Home */,
				8B801BA22C77215200097577 /* Onboarding */,
				8B45AB472C6CF1D700B5C6FE /* PlantDetail */,
				0F028BDD2B976550000C70F5 /* Plants */,
				3F7EDD352B66949B00946FF9 /* Splash */,
				3F7EDD152B668FA400946FF9 /* ApplicationCoordinator.swift */,
				3F7EDD192B66901400946FF9 /* TabBarCoordinator.swift */,
				3F7EDD172B668FAD00946FF9 /* Coordinator.swift */,
			);
			path = Scenes;
			sourceTree = "<group>";
		};
		3F7EDD142B668F4200946FF9 /* Services */ = {
			isa = PBXGroup;
			children = (
				0FC8DCB72B99A0C90070B4F0 /* NotificationService */,
				0F07FBCF2B84D22B00E2ED20 /* TokenService */,
				0F07FBC72B84BEB300E2ED20 /* ConfigLoader */,
			);
			path = Services;
			sourceTree = "<group>";
		};
		3F7EDD1B2B66901700946FF9 /* Home */ = {
			isa = PBXGroup;
			children = (
				0F028BC12B9732BE000C70F5 /* UI */,
				3F7EDD1D2B66903300946FF9 /* HomeViewController.swift */,
				3F7EDD1F2B66903F00946FF9 /* HomeViewModel.swift */,
				3F7EDD212B66904900946FF9 /* HomeCoordinator.swift */,
				3F7EDD232B66905B00946FF9 /* Home.storyboard */,
			);
			path = Home;
			sourceTree = "<group>";
		};
		3F7EDD272B66920500946FF9 /* Localization */ = {
			isa = PBXGroup;
			children = (
				8B2467922C89975D003C58A6 /* InfoPlist */,
				3F7EDD2C2B66922700946FF9 /* Localizable.strings */,
			);
			path = Localization;
			sourceTree = "<group>";
		};
		3F7EDD2E2B66926300946FF9 /* Foundation */ = {
			isa = PBXGroup;
			children = (
				8B2467992C8BA4F0003C58A6 /* Optional */,
				8B801BB92C77BFD100097577 /* Int */,
				0F6AA5342BE1069300DE32EA /* Date */,
				0F4A86152B92081900EC6BD9 /* UserDefaults */,
				0F07FBCA2B84BF6900E2ED20 /* Bundle */,
				3F7EDD2F2B66926A00946FF9 /* String */,
			);
			path = Foundation;
			sourceTree = "<group>";
		};
		3F7EDD2F2B66926A00946FF9 /* String */ = {
			isa = PBXGroup;
			children = (
				3F7EDD302B66927B00946FF9 /* String+Additions.swift */,
			);
			path = String;
			sourceTree = "<group>";
		};
		3F7EDD352B66949B00946FF9 /* Splash */ = {
			isa = PBXGroup;
			children = (
				0F4A861B2B95E38E00EC6BD9 /* UI */,
				0F07FBD62B90B1B200E2ED20 /* API */,
				3F7EDD362B6694B000946FF9 /* SplashViewController.swift */,
				3F7EDD382B6694BA00946FF9 /* SplashViewModel.swift */,
				3F7EDD3A2B6694C400946FF9 /* SplashCoordinator.swift */,
				3F7EDD3C2B6694CD00946FF9 /* Splash.storyboard */,
			);
			path = Splash;
			sourceTree = "<group>";
		};
		8B211CA42C98281100BDA3A9 /* API */ = {
			isa = PBXGroup;
			children = (
				8B211CA62C98281C00BDA3A9 /* Model */,
				8B211CA52C98281700BDA3A9 /* Task */,
			);
			path = API;
			sourceTree = "<group>";
		};
		8B211CA52C98281700BDA3A9 /* Task */ = {
			isa = PBXGroup;
			children = (
				8B211CA92C98286F00BDA3A9 /* GetDevicesTask.swift */,
			);
			path = Task;
			sourceTree = "<group>";
		};
		8B211CA62C98281C00BDA3A9 /* Model */ = {
			isa = PBXGroup;
			children = (
				8B211CA72C98284100BDA3A9 /* DevicesItem.swift */,
			);
			path = Model;
			sourceTree = "<group>";
		};
		8B211CAD2C982E2100BDA3A9 /* AddDevices */ = {
			isa = PBXGroup;
			children = (
				8B211CA42C98281100BDA3A9 /* API */,
			);
			path = AddDevices;
			sourceTree = "<group>";
		};
		8B211CAE2C982E3200BDA3A9 /* API */ = {
			isa = PBXGroup;
			children = (
				8B211CB02C982E4000BDA3A9 /* Model */,
				8B211CAF2C982E3B00BDA3A9 /* Task */,
			);
			path = API;
			sourceTree = "<group>";
		};
		8B211CAF2C982E3B00BDA3A9 /* Task */ = {
			isa = PBXGroup;
			children = (
				8B211CB32C982E8E00BDA3A9 /* GetAvailableDevicesTask.swift */,
			);
			path = Task;
			sourceTree = "<group>";
		};
		8B211CB02C982E4000BDA3A9 /* Model */ = {
			isa = PBXGroup;
			children = (
				8B211CB12C982E6A00BDA3A9 /* AvailableDevicesItem.swift */,
			);
			path = Model;
			sourceTree = "<group>";
		};
		8B2467702C873B49003C58A6 /* LongTextFieldView */ = {
			isa = PBXGroup;
			children = (
				8B2467712C873B89003C58A6 /* LongTextFieldView.swift */,
				8B2467732C873B96003C58A6 /* LongTextFieldView.xib */,
			);
			path = LongTextFieldView;
			sourceTree = "<group>";
		};
		8B24677D2C885CF8003C58A6 /* View */ = {
			isa = PBXGroup;
			children = (
				8B24677F2C885D10003C58A6 /* View.swift */,
			);
			path = View;
			sourceTree = "<group>";
		};
		8B2467812C885FED003C58A6 /* UIResponder */ = {
			isa = PBXGroup;
			children = (
				8B2467822C886004003C58A6 /* UIResponder+Additions.swift */,
			);
			path = UIResponder;
			sourceTree = "<group>";
		};
		8B2467842C886C9B003C58A6 /* Scenes */ = {
			isa = PBXGroup;
			children = (
				8B2467872C886E8D003C58A6 /* ImagePickerSheet */,
			);
			path = Scenes;
			sourceTree = "<group>";
		};
		8B2467872C886E8D003C58A6 /* ImagePickerSheet */ = {
			isa = PBXGroup;
			children = (
				8B2467852C886CCE003C58A6 /* ImagePickerSheetViewController.swift */,
				8B24678A2C8873F3003C58A6 /* ImagePickerSheetViewModel.swift */,
				8B24678C2C887403003C58A6 /* ImagePickerSheetCoordinator.swift */,
				8B2467882C886EA6003C58A6 /* ImagePickerSheet.storyboard */,
			);
			path = ImagePickerSheet;
			sourceTree = "<group>";
		};
		8B2467922C89975D003C58A6 /* InfoPlist */ = {
			isa = PBXGroup;
			children = (
				8B2467932C89976B003C58A6 /* InfoPlist.strings */,
			);
			path = InfoPlist;
			sourceTree = "<group>";
		};
		8B2467992C8BA4F0003C58A6 /* Optional */ = {
			isa = PBXGroup;
			children = (
				8B24679A2C8BA512003C58A6 /* Optional+Additions.swift */,
			);
			path = Optional;
			sourceTree = "<group>";
		};
		8B24679C2C8BABFF003C58A6 /* AvailableDevicesCell */ = {
			isa = PBXGroup;
			children = (
				8B24679D2C8BAC0E003C58A6 /* AvailableDevicesCell.swift */,
				8B24679F2C8BAC1A003C58A6 /* AvailableDevicesCell.xib */,
			);
			path = AvailableDevicesCell;
			sourceTree = "<group>";
		};
		8B2467A12C8CBD78003C58A6 /* DevicesCell */ = {
			isa = PBXGroup;
			children = (
				8B2467A22C8CBD86003C58A6 /* DevicesCell.swift */,
				8B2467A42C8CBD95003C58A6 /* DevicesCell.xib */,
			);
			path = DevicesCell;
			sourceTree = "<group>";
		};
		8B3096F02C859E7000B3EDAA /* AddPlant */ = {
			isa = PBXGroup;
			children = (
				8B211CAE2C982E3200BDA3A9 /* API */,
				8B3096F92C85A72100B3EDAA /* UI */,
				8B3096F12C859EA000B3EDAA /* AddPlantViewController.swift */,
				8B3096F32C859EAB00B3EDAA /* AddPlantViewModel.swift */,
				8B3096F52C859EB500B3EDAA /* AddPlantCoordinator.swift */,
				8B3096F72C859EBD00B3EDAA /* AddPlant.storyboard */,
			);
			path = AddPlant;
			sourceTree = "<group>";
		};
		8B3096F92C85A72100B3EDAA /* UI */ = {
			isa = PBXGroup;
			children = (
				8B2467972C899F49003C58A6 /* AddPlantDisplay.swift */,
				8B2467842C886C9B003C58A6 /* Scenes */,
				8B3096FA2C85A72600B3EDAA /* Cells */,
			);
			path = UI;
			sourceTree = "<group>";
		};
		8B3096FA2C85A72600B3EDAA /* Cells */ = {
			isa = PBXGroup;
			children = (
				8B2467A12C8CBD78003C58A6 /* DevicesCell */,
				8B24679C2C8BABFF003C58A6 /* AvailableDevicesCell */,
				8B3096FB2C85A72B00B3EDAA /* AddPlantCell */,
			);
			path = Cells;
			sourceTree = "<group>";
		};
		8B3096FB2C85A72B00B3EDAA /* AddPlantCell */ = {
			isa = PBXGroup;
			children = (
				8B3096FE2C85A7D900B3EDAA /* AddPlantCell.swift */,
				8B3096FC2C85A7C200B3EDAA /* AddPlantCell.xib */,
			);
			path = AddPlantCell;
			sourceTree = "<group>";
		};
		8B3097002C85A95600B3EDAA /* TextFieldView */ = {
			isa = PBXGroup;
			children = (
				8B3097052C85AA0B00B3EDAA /* TextFieldView.swift */,
				8B3097032C85A9AD00B3EDAA /* TextFieldView.xib */,
			);
			path = TextFieldView;
			sourceTree = "<group>";
		};
		8B45AB402C6CF1D700B5C6FE /* StatusBar */ = {
			isa = PBXGroup;
			children = (
				8B45AB3E2C6CF1D700B5C6FE /* StatusBar.swift */,
				8B45AB3F2C6CF1D700B5C6FE /* StatusBar.xib */,
			);
			path = StatusBar;
			sourceTree = "<group>";
		};
		8B45AB412C6CF1D700B5C6FE /* Views */ = {
			isa = PBXGroup;
			children = (
				8B45AB402C6CF1D700B5C6FE /* StatusBar */,
			);
			path = Views;
			sourceTree = "<group>";
		};
		8B45AB422C6CF1D700B5C6FE /* UI */ = {
			isa = PBXGroup;
			children = (
				8B45AB412C6CF1D700B5C6FE /* Views */,
			);
			path = UI;
			sourceTree = "<group>";
		};
		8B45AB472C6CF1D700B5C6FE /* PlantDetail */ = {
			isa = PBXGroup;
			children = (
				8B45AB422C6CF1D700B5C6FE /* UI */,
				8B45AB452C6CF1D700B5C6FE /* PlantDetailViewController.swift */,
				8B45AB462C6CF1D700B5C6FE /* PlantDetailViewModel.swift */,
				8B45AB442C6CF1D700B5C6FE /* PlantDetailCoordinator.swift */,
				8B45AB432C6CF1D700B5C6FE /* PlantDetail.storyboard */,
			);
			path = PlantDetail;
			sourceTree = "<group>";
		};
		8B45AB542C6CF30E00B5C6FE /* Cells */ = {
			isa = PBXGroup;
			children = (
				8B84A8E22C6DE56000592EB6 /* PlantCell.xib */,
				8B45AB532C6CF30E00B5C6FE /* PlantCell.swift */,
			);
			path = Cells;
			sourceTree = "<group>";
		};
		8B45AB552C6CF30E00B5C6FE /* UI */ = {
			isa = PBXGroup;
			children = (
				8B45AB542C6CF30E00B5C6FE /* Cells */,
			);
			path = UI;
			sourceTree = "<group>";
		};
		8B801B9F2C74D4CB00097577 /* UIImageView */ = {
			isa = PBXGroup;
			children = (
				8B801BA02C74D4DD00097577 /* UIImageView+Additions.swift */,
			);
			path = UIImageView;
			sourceTree = "<group>";
		};
		8B801BA22C77215200097577 /* Onboarding */ = {
			isa = PBXGroup;
			children = (
				8B801BB02C77492700097577 /* API */,
				8B801BBC2C77C10100097577 /* UI */,
				8B801BA32C77217A00097577 /* OnboardingViewController.swift */,
				8B801BA52C77218200097577 /* OnboardingViewModel.swift */,
				8B801BA72C77218E00097577 /* OnboardingCoordinator.swift */,
				8B801BA92C77219900097577 /* Onboarding.storyboard */,
			);
			path = Onboarding;
			sourceTree = "<group>";
		};
		8B801BAD2C7729D100097577 /* Button */ = {
			isa = PBXGroup;
			children = (
				8B801BAE2C7729DA00097577 /* Button.swift */,
			);
			path = Button;
			sourceTree = "<group>";
		};
		8B801BB02C77492700097577 /* API */ = {
			isa = PBXGroup;
			children = (
				8B801BB22C77495B00097577 /* Response */,
				8B801BB12C77492D00097577 /* Model */,
				8B801BB72C774AF800097577 /* OnboardingDisplay.swift */,
			);
			path = API;
			sourceTree = "<group>";
		};
		8B801BB12C77492D00097577 /* Model */ = {
			isa = PBXGroup;
			children = (
				8B801BB52C774A1300097577 /* OnboardingItem.swift */,
			);
			path = Model;
			sourceTree = "<group>";
		};
		8B801BB22C77495B00097577 /* Response */ = {
			isa = PBXGroup;
			children = (
				8B801BB32C77497D00097577 /* GetOnboardingItems.json */,
			);
			path = Response;
			sourceTree = "<group>";
		};
		8B801BB92C77BFD100097577 /* Int */ = {
			isa = PBXGroup;
			children = (
				8B801BBA2C77BFE800097577 /* Int+Additions.swift */,
			);
			path = Int;
			sourceTree = "<group>";
		};
		8B801BBC2C77C10100097577 /* UI */ = {
			isa = PBXGroup;
			children = (
				8B801BBD2C77C10A00097577 /* Cells */,
			);
			path = UI;
			sourceTree = "<group>";
		};
		8B801BBD2C77C10A00097577 /* Cells */ = {
			isa = PBXGroup;
			children = (
				8B801BBE2C77C11900097577 /* OnboardingCell.swift */,
				8B801BC02C77C12400097577 /* OnboardingCell.xib */,
			);
			path = Cells;
			sourceTree = "<group>";
		};
		8B84A8E82C6F905C00592EB6 /* UIViewController */ = {
			isa = PBXGroup;
			children = (
				8B84A8E92C6F907200592EB6 /* UIViewController+Additions.swift */,
			);
			path = UIViewController;
			sourceTree = "<group>";
		};
		8BE09EB42C6FBBD8005C9846 /* Lotties */ = {
			isa = PBXGroup;
			children = (
				8B7C3E632C6FBC2E00B6041C /* splash-animation.json */,
				8B7C3E612C6FBC2100B6041C /* loading-animation.json */,
			);
			path = Lotties;
			sourceTree = "<group>";
		};
/* End PBXGroup section */

/* Begin PBXNativeTarget section */
		3F7EDCF72B668CBC00946FF9 /* Plant Monitoring */ = {
			isa = PBXNativeTarget;
			buildConfigurationList = 3F7EDD0C2B668CBF00946FF9 /* Build configuration list for PBXNativeTarget "Plant Monitoring" */;
			buildPhases = (
				3F7EDCF42B668CBC00946FF9 /* Sources */,
				3F7EDCF52B668CBC00946FF9 /* Frameworks */,
				3F7EDCF62B668CBC00946FF9 /* Resources */,
				0F028BBC2B96FB6D000C70F5 /* SwiftLint */,
				0F819A1A2B99DC8E008BCEDF /* Embed Frameworks */,
			);
			buildRules = (
			);
			dependencies = (
			);
			name = "Plant Monitoring";
			packageProductDependencies = (
				0F4A86102B92017F00EC6BD9 /* PromiseKit */,
				0F8FE1D82B99E6EB00F36B00 /* SwiftMessages */,
				8BE09EB12C6FBB9A005C9846 /* Lottie */,
			);
			productName = "Plant Monitoring";
			productReference = 3F7EDCF82B668CBC00946FF9 /* Plant Monitoring.app */;
			productType = "com.apple.product-type.application";
		};
/* End PBXNativeTarget section */

/* Begin PBXProject section */
		3F7EDCF02B668CBC00946FF9 /* Project object */ = {
			isa = PBXProject;
			attributes = {
				BuildIndependentTargetsInParallel = 1;
				LastSwiftUpdateCheck = 1430;
				LastUpgradeCheck = 1520;
				TargetAttributes = {
					3F7EDCF72B668CBC00946FF9 = {
						CreatedOnToolsVersion = 14.3.1;
					};
				};
			};
			buildConfigurationList = 3F7EDCF32B668CBC00946FF9 /* Build configuration list for PBXProject "Plant Monitoring" */;
			compatibilityVersion = "Xcode 14.0";
			developmentRegion = en;
			hasScannedForEncodings = 0;
			knownRegions = (
				en,
				Base,
				tr,
			);
			mainGroup = 3F7EDCEF2B668CBC00946FF9;
			packageReferences = (
				0F4A860F2B92017E00EC6BD9 /* XCRemoteSwiftPackageReference "PromiseKit" */,
				0F8FE1D72B99E6EB00F36B00 /* XCRemoteSwiftPackageReference "SwiftMessages" */,
				8BE09EB02C6FBB9A005C9846 /* XCRemoteSwiftPackageReference "lottie-ios" */,
			);
			productRefGroup = 3F7EDCF92B668CBC00946FF9 /* Products */;
			projectDirPath = "";
			projectRoot = "";
			targets = (
				3F7EDCF72B668CBC00946FF9 /* Plant Monitoring */,
			);
		};
/* End PBXProject section */

/* Begin PBXResourcesBuildPhase section */
		3F7EDCF62B668CBC00946FF9 /* Resources */ = {
			isa = PBXResourcesBuildPhase;
			buildActionMask = 2147483647;
			files = (
				8B3097042C85A9AD00B3EDAA /* TextFieldView.xib in Resources */,
				8B2467952C89976B003C58A6 /* InfoPlist.strings in Resources */,
				3F7EDD2A2B66922700946FF9 /* Localizable.strings in Resources */,
				3F7EDD052B668CBF00946FF9 /* Assets.xcassets in Resources */,
				8B3096F82C859EBD00B3EDAA /* AddPlant.storyboard in Resources */,
				8B2467892C886EA6003C58A6 /* ImagePickerSheet.storyboard in Resources */,
				8B84A8E52C6E1A7200592EB6 /* PlantDetail.storyboard in Resources */,
				8B801BC12C77C12400097577 /* OnboardingCell.xib in Resources */,
				8B801BAA2C77219900097577 /* Onboarding.storyboard in Resources */,
				8B45AB492C6CF1D700B5C6FE /* StatusBar.xib in Resources */,
				8B3096FD2C85A7C200B3EDAA /* AddPlantCell.xib in Resources */,
				8B7C3E622C6FBC2100B6041C /* loading-animation.json in Resources */,
				8B801BB42C77497D00097577 /* GetOnboardingItems.json in Resources */,
				0F028BE52B976587000C70F5 /* Plants.storyboard in Resources */,
				8B7C3E642C6FBC2E00B6041C /* splash-animation.json in Resources */,
				8B2467A02C8BAC1A003C58A6 /* AvailableDevicesCell.xib in Resources */,
				3F7EDD242B66905B00946FF9 /* Home.storyboard in Resources */,
				3F7EDD3F2B66981E00946FF9 /* LaunchScreen.storyboard in Resources */,
				8B84A8E32C6DE56000592EB6 /* PlantCell.xib in Resources */,
				3F7EDD3D2B6694CD00946FF9 /* Splash.storyboard in Resources */,
				8B2467A52C8CBD95003C58A6 /* DevicesCell.xib in Resources */,
				0F028BCF2B9739ED000C70F5 /* EmptyPlantTrackCard.xib in Resources */,
				8B2467742C873B96003C58A6 /* LongTextFieldView.xib in Resources */,
			);
			runOnlyForDeploymentPostprocessing = 0;
		};
/* End PBXResourcesBuildPhase section */

/* Begin PBXShellScriptBuildPhase section */
		0F028BBC2B96FB6D000C70F5 /* SwiftLint */ = {
			isa = PBXShellScriptBuildPhase;
			alwaysOutOfDate = 1;
			buildActionMask = 12;
			files = (
			);
			inputFileListPaths = (
			);
			inputPaths = (
			);
			name = SwiftLint;
			outputFileListPaths = (
			);
			outputPaths = (
			);
			runOnlyForDeploymentPostprocessing = 0;
			shellPath = /bin/sh;
			shellScript = "if [[ \"$(uname -m)\" == arm64 ]]\nthen\n    export PATH=\"/opt/homebrew/bin:$PATH\"\nfi\n\nif command -v swiftlint >/dev/null 2>&1\nthen\n    swiftlint\nelse\n    echo \"warning: `swiftlint` command not found - See https://github.com/realm/SwiftLint#installation for installation instructions.\"\nfi\n";
		};
/* End PBXShellScriptBuildPhase section */

/* Begin PBXSourcesBuildPhase section */
		3F7EDCF42B668CBC00946FF9 /* Sources */ = {
			isa = PBXSourcesBuildPhase;
			buildActionMask = 2147483647;
			files = (
				0F028BE92B987242000C70F5 /* UIView+Additions.swift in Sources */,
				8B3096FF2C85A7D900B3EDAA /* AddPlantCell.swift in Sources */,
				8B45AB4D2C6CF1D700B5C6FE /* PlantDetailViewModel.swift in Sources */,
				8B24679B2C8BA512003C58A6 /* Optional+Additions.swift in Sources */,
				8B801BA12C74D4DD00097577 /* UIImageView+Additions.swift in Sources */,
				0FEB092B2BA09F530039396F /* APIURLSessionDelegate.swift in Sources */,
				0F07FBDC2B90B26000E2ED20 /* HTTPTask.swift in Sources */,
				8B211CB22C982E6A00BDA3A9 /* AvailableDevicesItem.swift in Sources */,
				0F6AA5362BE106A000DE32EA /* Date+Additions.swift in Sources */,
				3F7EDD3B2B6694C400946FF9 /* SplashCoordinator.swift in Sources */,
				0F07FBDE2B90B48000E2ED20 /* TokenItem.swift in Sources */,
				8B3096F62C859EB500B3EDAA /* AddPlantCoordinator.swift in Sources */,
				8B24678D2C887403003C58A6 /* ImagePickerSheetCoordinator.swift in Sources */,
				8B24679E2C8BAC0E003C58A6 /* AvailableDevicesCell.swift in Sources */,
				3F7EDCFC2B668CBC00946FF9 /* AppDelegate.swift in Sources */,
				8B2467722C873B89003C58A6 /* LongTextFieldView.swift in Sources */,
				8B84A8EA2C6F907200592EB6 /* UIViewController+Additions.swift in Sources */,
				3F7EDD222B66904900946FF9 /* HomeCoordinator.swift in Sources */,
				8B801BA82C77218E00097577 /* OnboardingCoordinator.swift in Sources */,
				0F028BC02B9714F9000C70F5 /* Label.swift in Sources */,
				0F028BDC2B974E0A000C70F5 /* PlantsItem.swift in Sources */,
				3F7EDD392B6694BA00946FF9 /* SplashViewModel.swift in Sources */,
				8B801BAF2C7729DA00097577 /* Button.swift in Sources */,
				3F7EDD1A2B66901400946FF9 /* TabBarCoordinator.swift in Sources */,
				8B3097062C85AA0B00B3EDAA /* TextFieldView.swift in Sources */,
				8B211CA82C98284100BDA3A9 /* DevicesItem.swift in Sources */,
				8B801BBF2C77C11900097577 /* OnboardingCell.swift in Sources */,
				8B801BBB2C77BFE800097577 /* Int+Additions.swift in Sources */,
				8B801BB62C774A1300097577 /* OnboardingItem.swift in Sources */,
				0FAC58FE2C05FA4C00197153 /* PlantMonitoring.docc in Sources */,
				0F028BE12B976576000C70F5 /* PlantsViewModel.swift in Sources */,
				0F07FBC92B84BEC500E2ED20 /* ConfigLoader.swift in Sources */,
				3F7EDD202B66903F00946FF9 /* HomeViewModel.swift in Sources */,
				0F6AA5382BE110E600DE32EA /* Plant Monitoring.docc in Sources */,
				3F7EDD182B668FAD00946FF9 /* Coordinator.swift in Sources */,
				8B3096F42C859EAB00B3EDAA /* AddPlantViewModel.swift in Sources */,
				0F4A861A2B92087100EC6BD9 /* UserDefaultsKeys.swift in Sources */,
				8B45AB562C6CF30E00B5C6FE /* PlantCell.swift in Sources */,
				3F7EDD312B66927B00946FF9 /* String+Additions.swift in Sources */,
				0F028BC92B973630000C70F5 /* Colors.swift in Sources */,
				8B801BB82C774AF800097577 /* OnboardingDisplay.swift in Sources */,
				3F7EDCFE2B668CBC00946FF9 /* SceneDelegate.swift in Sources */,
				0F028BE32B97657F000C70F5 /* PlantsCoordinator.swift in Sources */,
				8B24678B2C8873F3003C58A6 /* ImagePickerSheetViewModel.swift in Sources */,
				8B45AB4B2C6CF1D700B5C6FE /* PlantDetailCoordinator.swift in Sources */,
				8B45AB482C6CF1D700B5C6FE /* StatusBar.swift in Sources */,
				8B45AB4C2C6CF1D700B5C6FE /* PlantDetailViewController.swift in Sources */,
				0F0FB7C62BA06192006D2BBF /* GetPlantsTask.swift in Sources */,
				8B801BA42C77217A00097577 /* OnboardingViewController.swift in Sources */,
				8B3096F22C859EA000B3EDAA /* AddPlantViewController.swift in Sources */,
				8B2467862C886CCE003C58A6 /* ImagePickerSheetViewController.swift in Sources */,
				3F7EDD1E2B66903300946FF9 /* HomeViewController.swift in Sources */,
				0F028BD52B974DA4000C70F5 /* HomeDisplay.swift in Sources */,
				8B2467832C886004003C58A6 /* UIResponder+Additions.swift in Sources */,
				0F028BDF2B97656A000C70F5 /* PlantsViewController.swift in Sources */,
				8B211CB42C982E8E00BDA3A9 /* GetAvailableDevicesTask.swift in Sources */,
				3F7EDD162B668FA400946FF9 /* ApplicationCoordinator.swift in Sources */,
				0F4A86172B92083500EC6BD9 /* UserDefaults+Additions.swift in Sources */,
				8B2467A32C8CBD86003C58A6 /* DevicesCell.swift in Sources */,
				0FC8DCBC2B99A3B20070B4F0 /* NotificationService.swift in Sources */,
				0F028BCD2B9739DB000C70F5 /* EmptyPlantTrackCard.swift in Sources */,
				0F0FB7C32BA05DD6006D2BBF /* APIService.swift in Sources */,
				8B2467982C899F49003C58A6 /* AddPlantDisplay.swift in Sources */,
				8B211CAA2C98286F00BDA3A9 /* GetDevicesTask.swift in Sources */,
				8B2467802C885D10003C58A6 /* View.swift in Sources */,
				8B801BA62C77218200097577 /* OnboardingViewModel.swift in Sources */,
				0F07FBCC2B84BF7700E2ED20 /* Bundle+Additions.swift in Sources */,
				3F7EDD372B6694B000946FF9 /* SplashViewController.swift in Sources */,
				0F4A860E2B91FC1D00EC6BD9 /* TokenService.swift in Sources */,
				0F4A861D2B95E3AA00EC6BD9 /* SplashDisplay.swift in Sources */,
			);
			runOnlyForDeploymentPostprocessing = 0;
		};
/* End PBXSourcesBuildPhase section */

/* Begin PBXVariantGroup section */
		3F7EDD2C2B66922700946FF9 /* Localizable.strings */ = {
			isa = PBXVariantGroup;
			children = (
				3F7EDD2B2B66922700946FF9 /* en */,
				3F7EDD2D2B66922900946FF9 /* tr */,
			);
			name = Localizable.strings;
			sourceTree = "<group>";
		};
		8B2467932C89976B003C58A6 /* InfoPlist.strings */ = {
			isa = PBXVariantGroup;
			children = (
				8B2467942C89976B003C58A6 /* en */,
				8B2467962C899783003C58A6 /* tr */,
			);
			name = InfoPlist.strings;
			sourceTree = "<group>";
		};
/* End PBXVariantGroup section */

/* Begin XCBuildConfiguration section */
		3F7EDD0A2B668CBF00946FF9 /* Debug */ = {
			isa = XCBuildConfiguration;
			baseConfigurationReference = 8B45AB4E2C6CF20E00B5C6FE /* Secrets.xcconfig */;
			buildSettings = {
				ALWAYS_SEARCH_USER_PATHS = NO;
				CLANG_ANALYZER_LOCALIZABILITY_NONLOCALIZED = YES;
				CLANG_ANALYZER_NONNULL = YES;
				CLANG_ANALYZER_NUMBER_OBJECT_CONVERSION = YES_AGGRESSIVE;
				CLANG_CXX_LANGUAGE_STANDARD = "gnu++20";
				CLANG_ENABLE_MODULES = YES;
				CLANG_ENABLE_OBJC_ARC = YES;
				CLANG_ENABLE_OBJC_WEAK = YES;
				CLANG_WARN_BLOCK_CAPTURE_AUTORELEASING = YES;
				CLANG_WARN_BOOL_CONVERSION = YES;
				CLANG_WARN_COMMA = YES;
				CLANG_WARN_CONSTANT_CONVERSION = YES;
				CLANG_WARN_DEPRECATED_OBJC_IMPLEMENTATIONS = YES;
				CLANG_WARN_DIRECT_OBJC_ISA_USAGE = YES_ERROR;
				CLANG_WARN_DOCUMENTATION_COMMENTS = YES;
				CLANG_WARN_EMPTY_BODY = YES;
				CLANG_WARN_ENUM_CONVERSION = YES;
				CLANG_WARN_INFINITE_RECURSION = YES;
				CLANG_WARN_INT_CONVERSION = YES;
				CLANG_WARN_NON_LITERAL_NULL_CONVERSION = YES;
				CLANG_WARN_OBJC_IMPLICIT_RETAIN_SELF = YES;
				CLANG_WARN_OBJC_LITERAL_CONVERSION = YES;
				CLANG_WARN_OBJC_ROOT_CLASS = YES_ERROR;
				CLANG_WARN_QUOTED_INCLUDE_IN_FRAMEWORK_HEADER = YES;
				CLANG_WARN_RANGE_LOOP_ANALYSIS = YES;
				CLANG_WARN_STRICT_PROTOTYPES = YES;
				CLANG_WARN_SUSPICIOUS_MOVE = YES;
				CLANG_WARN_UNGUARDED_AVAILABILITY = YES_AGGRESSIVE;
				CLANG_WARN_UNREACHABLE_CODE = YES;
				CLANG_WARN__DUPLICATE_METHOD_MATCH = YES;
				COPY_PHASE_STRIP = NO;
				DEBUG_INFORMATION_FORMAT = dwarf;
				ENABLE_STRICT_OBJC_MSGSEND = YES;
				ENABLE_TESTABILITY = YES;
				ENABLE_USER_SCRIPT_SANDBOXING = NO;
				GCC_C_LANGUAGE_STANDARD = gnu11;
				GCC_DYNAMIC_NO_PIC = NO;
				GCC_NO_COMMON_BLOCKS = YES;
				GCC_OPTIMIZATION_LEVEL = 0;
				GCC_PREPROCESSOR_DEFINITIONS = (
					"DEBUG=1",
					"$(inherited)",
				);
				GCC_WARN_64_TO_32_BIT_CONVERSION = YES;
				GCC_WARN_ABOUT_RETURN_TYPE = YES_ERROR;
				GCC_WARN_UNDECLARED_SELECTOR = YES;
				GCC_WARN_UNINITIALIZED_AUTOS = YES_AGGRESSIVE;
				GCC_WARN_UNUSED_FUNCTION = YES;
				GCC_WARN_UNUSED_VARIABLE = YES;
				IPHONEOS_DEPLOYMENT_TARGET = 16.4;
				MTL_ENABLE_DEBUG_INFO = INCLUDE_SOURCE;
				MTL_FAST_MATH = YES;
				ONLY_ACTIVE_ARCH = YES;
				SDKROOT = iphoneos;
				SWIFT_ACTIVE_COMPILATION_CONDITIONS = DEBUG;
				SWIFT_OPTIMIZATION_LEVEL = "-Onone";
			};
			name = Debug;
		};
		3F7EDD0B2B668CBF00946FF9 /* Release */ = {
			isa = XCBuildConfiguration;
			baseConfigurationReference = 8B45AB4E2C6CF20E00B5C6FE /* Secrets.xcconfig */;
			buildSettings = {
				ALWAYS_SEARCH_USER_PATHS = NO;
				CLANG_ANALYZER_LOCALIZABILITY_NONLOCALIZED = YES;
				CLANG_ANALYZER_NONNULL = YES;
				CLANG_ANALYZER_NUMBER_OBJECT_CONVERSION = YES_AGGRESSIVE;
				CLANG_CXX_LANGUAGE_STANDARD = "gnu++20";
				CLANG_ENABLE_MODULES = YES;
				CLANG_ENABLE_OBJC_ARC = YES;
				CLANG_ENABLE_OBJC_WEAK = YES;
				CLANG_WARN_BLOCK_CAPTURE_AUTORELEASING = YES;
				CLANG_WARN_BOOL_CONVERSION = YES;
				CLANG_WARN_COMMA = YES;
				CLANG_WARN_CONSTANT_CONVERSION = YES;
				CLANG_WARN_DEPRECATED_OBJC_IMPLEMENTATIONS = YES;
				CLANG_WARN_DIRECT_OBJC_ISA_USAGE = YES_ERROR;
				CLANG_WARN_DOCUMENTATION_COMMENTS = YES;
				CLANG_WARN_EMPTY_BODY = YES;
				CLANG_WARN_ENUM_CONVERSION = YES;
				CLANG_WARN_INFINITE_RECURSION = YES;
				CLANG_WARN_INT_CONVERSION = YES;
				CLANG_WARN_NON_LITERAL_NULL_CONVERSION = YES;
				CLANG_WARN_OBJC_IMPLICIT_RETAIN_SELF = YES;
				CLANG_WARN_OBJC_LITERAL_CONVERSION = YES;
				CLANG_WARN_OBJC_ROOT_CLASS = YES_ERROR;
				CLANG_WARN_QUOTED_INCLUDE_IN_FRAMEWORK_HEADER = YES;
				CLANG_WARN_RANGE_LOOP_ANALYSIS = YES;
				CLANG_WARN_STRICT_PROTOTYPES = YES;
				CLANG_WARN_SUSPICIOUS_MOVE = YES;
				CLANG_WARN_UNGUARDED_AVAILABILITY = YES_AGGRESSIVE;
				CLANG_WARN_UNREACHABLE_CODE = YES;
				CLANG_WARN__DUPLICATE_METHOD_MATCH = YES;
				COPY_PHASE_STRIP = NO;
				DEBUG_INFORMATION_FORMAT = "dwarf-with-dsym";
				ENABLE_NS_ASSERTIONS = NO;
				ENABLE_STRICT_OBJC_MSGSEND = YES;
				ENABLE_USER_SCRIPT_SANDBOXING = NO;
				GCC_C_LANGUAGE_STANDARD = gnu11;
				GCC_NO_COMMON_BLOCKS = YES;
				GCC_WARN_64_TO_32_BIT_CONVERSION = YES;
				GCC_WARN_ABOUT_RETURN_TYPE = YES_ERROR;
				GCC_WARN_UNDECLARED_SELECTOR = YES;
				GCC_WARN_UNINITIALIZED_AUTOS = YES_AGGRESSIVE;
				GCC_WARN_UNUSED_FUNCTION = YES;
				GCC_WARN_UNUSED_VARIABLE = YES;
				IPHONEOS_DEPLOYMENT_TARGET = 16.4;
				MTL_ENABLE_DEBUG_INFO = NO;
				MTL_FAST_MATH = YES;
				SDKROOT = iphoneos;
				SWIFT_COMPILATION_MODE = wholemodule;
				SWIFT_OPTIMIZATION_LEVEL = "-O";
				VALIDATE_PRODUCT = YES;
			};
			name = Release;
		};
		3F7EDD0D2B668CBF00946FF9 /* Debug */ = {
			isa = XCBuildConfiguration;
			buildSettings = {
				ASSETCATALOG_COMPILER_APPICON_NAME = AppIcon;
				ASSETCATALOG_COMPILER_GLOBAL_ACCENT_COLOR_NAME = AccentColor;
				CODE_SIGN_STYLE = Automatic;
				CURRENT_PROJECT_VERSION = 1;
				DEVELOPMENT_TEAM = G8H39BQ5UM;
				GENERATE_INFOPLIST_FILE = YES;
				INFOPLIST_FILE = "Plant Monitoring/Info.plist";
				INFOPLIST_KEY_NSCameraUsageDescription = "";
				INFOPLIST_KEY_UIApplicationSupportsIndirectInputEvents = YES;
				INFOPLIST_KEY_UILaunchStoryboardName = LaunchScreen.storyboard;
				INFOPLIST_KEY_UISupportedInterfaceOrientations_iPad = "UIInterfaceOrientationPortrait UIInterfaceOrientationPortraitUpsideDown UIInterfaceOrientationLandscapeLeft UIInterfaceOrientationLandscapeRight";
				INFOPLIST_KEY_UISupportedInterfaceOrientations_iPhone = "UIInterfaceOrientationPortrait UIInterfaceOrientationLandscapeLeft UIInterfaceOrientationLandscapeRight";
				IPHONEOS_DEPLOYMENT_TARGET = 15.0;
				LD_RUNPATH_SEARCH_PATHS = (
					"$(inherited)",
					"@executable_path/Frameworks",
				);
				MARKETING_VERSION = 1.0;
				PRODUCT_BUNDLE_IDENTIFIER = "com.aysilsimge.Plant-Monitoring";
				PRODUCT_NAME = "$(TARGET_NAME)";
				SWIFT_EMIT_LOC_STRINGS = YES;
				SWIFT_VERSION = 5.0;
				TARGETED_DEVICE_FAMILY = "1,2";
			};
			name = Debug;
		};
		3F7EDD0E2B668CBF00946FF9 /* Release */ = {
			isa = XCBuildConfiguration;
			buildSettings = {
				ASSETCATALOG_COMPILER_APPICON_NAME = AppIcon;
				ASSETCATALOG_COMPILER_GLOBAL_ACCENT_COLOR_NAME = AccentColor;
				CODE_SIGN_STYLE = Automatic;
				CURRENT_PROJECT_VERSION = 1;
				DEVELOPMENT_TEAM = G8H39BQ5UM;
				GENERATE_INFOPLIST_FILE = YES;
				INFOPLIST_FILE = "Plant Monitoring/Info.plist";
				INFOPLIST_KEY_NSCameraUsageDescription = "";
				INFOPLIST_KEY_UIApplicationSupportsIndirectInputEvents = YES;
				INFOPLIST_KEY_UILaunchStoryboardName = LaunchScreen.storyboard;
				INFOPLIST_KEY_UISupportedInterfaceOrientations_iPad = "UIInterfaceOrientationPortrait UIInterfaceOrientationPortraitUpsideDown UIInterfaceOrientationLandscapeLeft UIInterfaceOrientationLandscapeRight";
				INFOPLIST_KEY_UISupportedInterfaceOrientations_iPhone = "UIInterfaceOrientationPortrait UIInterfaceOrientationLandscapeLeft UIInterfaceOrientationLandscapeRight";
				IPHONEOS_DEPLOYMENT_TARGET = 15.0;
				LD_RUNPATH_SEARCH_PATHS = (
					"$(inherited)",
					"@executable_path/Frameworks",
				);
				MARKETING_VERSION = 1.0;
				PRODUCT_BUNDLE_IDENTIFIER = "com.aysilsimge.Plant-Monitoring";
				PRODUCT_NAME = "$(TARGET_NAME)";
				SWIFT_EMIT_LOC_STRINGS = YES;
				SWIFT_VERSION = 5.0;
				TARGETED_DEVICE_FAMILY = "1,2";
			};
			name = Release;
		};
/* End XCBuildConfiguration section */

/* Begin XCConfigurationList section */
		3F7EDCF32B668CBC00946FF9 /* Build configuration list for PBXProject "Plant Monitoring" */ = {
			isa = XCConfigurationList;
			buildConfigurations = (
				3F7EDD0A2B668CBF00946FF9 /* Debug */,
				3F7EDD0B2B668CBF00946FF9 /* Release */,
			);
			defaultConfigurationIsVisible = 0;
			defaultConfigurationName = Release;
		};
		3F7EDD0C2B668CBF00946FF9 /* Build configuration list for PBXNativeTarget "Plant Monitoring" */ = {
			isa = XCConfigurationList;
			buildConfigurations = (
				3F7EDD0D2B668CBF00946FF9 /* Debug */,
				3F7EDD0E2B668CBF00946FF9 /* Release */,
			);
			defaultConfigurationIsVisible = 0;
			defaultConfigurationName = Release;
		};
/* End XCConfigurationList section */

/* Begin XCRemoteSwiftPackageReference section */
		0F4A860F2B92017E00EC6BD9 /* XCRemoteSwiftPackageReference "PromiseKit" */ = {
			isa = XCRemoteSwiftPackageReference;
			repositoryURL = "https://github.com/mxcl/PromiseKit";
			requirement = {
				kind = upToNextMajorVersion;
				minimumVersion = 8.1.1;
			};
		};
		0F8FE1D72B99E6EB00F36B00 /* XCRemoteSwiftPackageReference "SwiftMessages" */ = {
			isa = XCRemoteSwiftPackageReference;
			repositoryURL = "https://github.com/SwiftKickMobile/SwiftMessages";
			requirement = {
				kind = exactVersion;
				version = 9.0.9;
			};
		};
		8BE09EB02C6FBB9A005C9846 /* XCRemoteSwiftPackageReference "lottie-ios" */ = {
			isa = XCRemoteSwiftPackageReference;
			repositoryURL = "https://github.com/airbnb/lottie-ios";
			requirement = {
				kind = upToNextMajorVersion;
				minimumVersion = 4.5.0;
			};
		};
/* End XCRemoteSwiftPackageReference section */

/* Begin XCSwiftPackageProductDependency section */
		0F4A86102B92017F00EC6BD9 /* PromiseKit */ = {
			isa = XCSwiftPackageProductDependency;
			package = 0F4A860F2B92017E00EC6BD9 /* XCRemoteSwiftPackageReference "PromiseKit" */;
			productName = PromiseKit;
		};
		0F8FE1D82B99E6EB00F36B00 /* SwiftMessages */ = {
			isa = XCSwiftPackageProductDependency;
			package = 0F8FE1D72B99E6EB00F36B00 /* XCRemoteSwiftPackageReference "SwiftMessages" */;
			productName = SwiftMessages;
		};
		8BE09EB12C6FBB9A005C9846 /* Lottie */ = {
			isa = XCSwiftPackageProductDependency;
			package = 8BE09EB02C6FBB9A005C9846 /* XCRemoteSwiftPackageReference "lottie-ios" */;
			productName = Lottie;
		};
/* End XCSwiftPackageProductDependency section */
	};
	rootObject = 3F7EDCF02B668CBC00946FF9 /* Project object */;
}
