{
  "originHash" : "f412ef32012318f43946edf17568da5732e069c210cab39809a6a81514ea44e6",
  "pins" : [
    {
      "identity" : "lottie-ios",
      "kind" : "remoteSourceControl",
      "location" : "https://github.com/airbnb/lottie-ios",
      "state" : {
        "revision" : "fe4c6fe3a0aa66cdeb51d549623c82ca9704b9a5",
        "version" : "4.5.0"
      }
    },
    {
      "identity" : "promisekit",
      "kind" : "remoteSourceControl",
      "location" : "https://github.com/mxcl/PromiseKit",
      "state" : {
        "revision" : "cb70b070cde06837cd10a1febdf6105c1a3bb348",
        "version" : "8.1.1"
      }
    },
    {
      "identity" : "swiftmessages",
      "kind" : "remoteSourceControl",
      "location" : "https://github.com/SwiftKickMobile/SwiftMessages",
      "state" : {
        "revision" : "62e12e138fc3eedf88c7553dd5d98712aa119f40",
        "version" : "9.0.9"
      }
    }
  ],
  "version" : 3
}
